PODS:
  - FBSnapshotTestCase (2.1.4):
    - FBSnapshotTestCase/SwiftSupport (= 2.1.4)
  - FBSnapshotTestCase/Core (2.1.4)
  - FBSnapshotTestCase/SwiftSupport (2.1.4):
    - FBSnapshotTestCase/Core
  - LGDLogining (0.1.0):
    - LGDNetworking
  - LGDNetworking (0.1.0)

DEPENDENCIES:
  - FBSnapshotTestCase
  - LGDLogining (from `../`)
  - LGDNetworking

SPEC REPOS:
  trunk:
    - FBSnapshotTestCase
    - LGDNetworking

EXTERNAL SOURCES:
  LGDLogining:
    :path: "../"

SPEC CHECKSUMS:
  FBSnapshotTestCase: 094f9f314decbabe373b87cc339bea235a63e07a
  LGDLogining: bb0ebbd6c8434641d6f95fa8a279f8f3c31ce4eb
  LGDNetworking: e292b98403d0a0d29e88f78ee593eb6da33d67bb

PODFILE CHECKSUM: 28e1e26d8338ccb8348fcf52cb4278051b71b407

COCOAPODS: 1.9.3
